// !$*UTF8*$!
{
	archiveVersion = 1;
	classes = {
	};
	objectVersion = 50;
	objects = {

/* Begin PBXBuildFile section */
		44DA54D22203F84C0059FAB0 /* Part2Example.txt in CopyFiles */ = {isa = PBXBuildFile; fileRef = 44DA54D12203F82B0059FAB0 /* Part2Example.txt */; };
		B415D7B52203897600ADCE2F /* main.swift in Sources */ = {isa = PBXBuildFile; fileRef = B415D7B42203897600ADCE2F /* main.swift */; };
		B415D7BE22038B1600ADCE2F /* SimpleInput.txt in CopyFiles */ = {isa = PBXBuildFile; fileRef = B415D7BD22038A5300ADCE2F /* SimpleInput.txt */; };
		B415D7C1220395B100ADCE2F /* ChallengeInput.txt in CopyFiles */ = {isa = PBXBuildFile; fileRef = B415D7BF2203952E00ADCE2F /* ChallengeInput.txt */; };
		B415D7C2220395B500ADCE2F /* TestInput.txt in CopyFiles */ = {isa = PBXBuildFile; fileRef = B415D7C02203959800ADCE2F /* TestInput.txt */; };
		B415D7C42203AB3200ADCE2F /* ExampleCarts.txt in CopyFiles */ = {isa = PBXBuildFile; fileRef = B415D7C32203AB1600ADCE2F /* ExampleCarts.txt */; };
/* End PBXBuildFile section */

/* Begin PBXCopyFilesBuildPhase section */
		B415D7AF2203897600ADCE2F /* CopyFiles */ = {
			isa = PBXCopyFilesBuildPhase;
			buildActionMask = 12;
			dstPath = "";
			dstSubfolderSpec = 16;
			files = (
				44DA54D22203F84C0059FAB0 /* Part2Example.txt in CopyFiles */,
				B415D7C42203AB3200ADCE2F /* ExampleCarts.txt in CopyFiles */,
				B415D7C2220395B500ADCE2F /* TestInput.txt in CopyFiles */,
				B415D7C1220395B100ADCE2F /* ChallengeInput.txt in CopyFiles */,
				B415D7BE22038B1600ADCE2F /* SimpleInput.txt in CopyFiles */,
			);
			runOnlyForDeploymentPostprocessing = 0;
		};
/* End PBXCopyFilesBuildPhase section */

/* Begin PBXFileReference section */
		44DA54D12203F82B0059FAB0 /* Part2Example.txt */ = {isa = PBXFileReference; lastKnownFileType = text; path = Part2Example.txt; sourceTree = "<group>"; };
		B415D7B12203897600ADCE2F /* Day 13 */ = {isa = PBXFileReference; explicitFileType = "compiled.mach-o.executable"; includeInIndex = 0; path = "Day 13"; sourceTree = BUILT_PRODUCTS_DIR; };
		B415D7B42203897600ADCE2F /* main.swift */ = {isa = PBXFileReference; lastKnownFileType = sourcecode.swift; path = main.swift; sourceTree = "<group>"; };
		B415D7BD22038A5300ADCE2F /* SimpleInput.txt */ = {isa = PBXFileReference; lastKnownFileType = text; path = SimpleInput.txt; sourceTree = "<group>"; };
		B415D7BF2203952E00ADCE2F /* ChallengeInput.txt */ = {isa = PBXFileReference; fileEncoding = 4; lastKnownFileType = text; path = ChallengeInput.txt; sourceTree = "<group>"; };
		B415D7C02203959800ADCE2F /* TestInput.txt */ = {isa = PBXFileReference; lastKnownFileType = text; path = TestInput.txt; sourceTree = "<group>"; };
		B415D7C32203AB1600ADCE2F /* ExampleCarts.txt */ = {isa = PBXFileReference; lastKnownFileType = text; path = ExampleCarts.txt; sourceTree = "<group>"; };
/* End PBXFileReference section */

/* Begin PBXFrameworksBuildPhase section */
		B415D7AE2203897600ADCE2F /* Frameworks */ = {
			isa = PBXFrameworksBuildPhase;
			buildActionMask = 2147483647;
			files = (
			);
			runOnlyForDeploymentPostprocessing = 0;
		};
/* End PBXFrameworksBuildPhase section */

/* Begin PBXGroup section */
		B415D7A82203897600ADCE2F = {
			isa = PBXGroup;
			children = (
				B415D7B32203897600ADCE2F /* Day 13 */,
				B415D7B22203897600ADCE2F /* Products */,
			);
			sourceTree = "<group>";
		};
		B415D7B22203897600ADCE2F /* Products */ = {
			isa = PBXGroup;
			children = (
				B415D7B12203897600ADCE2F /* Day 13 */,
			);
			name = Products;
			sourceTree = "<group>";
		};
		B415D7B32203897600ADCE2F /* Day 13 */ = {
			isa = PBXGroup;
			children = (
				B415D7B42203897600ADCE2F /* main.swift */,
				B415D7BD22038A5300ADCE2F /* SimpleInput.txt */,
				B415D7BF2203952E00ADCE2F /* ChallengeInput.txt */,
				B415D7C02203959800ADCE2F /* TestInput.txt */,
				B415D7C32203AB1600ADCE2F /* ExampleCarts.txt */,
				44DA54D12203F82B0059FAB0 /* Part2Example.txt */,
			);
			path = "Day 13";
			sourceTree = "<group>";
		};
/* End PBXGroup section */

/* Begin PBXNativeTarget section */
		B415D7B02203897600ADCE2F /* Day 13 */ = {
			isa = PBXNativeTarget;
			buildConfigurationList = B415D7B82203897600ADCE2F /* Build configuration list for PBXNativeTarget "Day 13" */;
			buildPhases = (
				B415D7AD2203897600ADCE2F /* Sources */,
				B415D7AE2203897600ADCE2F /* Frameworks */,
				B415D7AF2203897600ADCE2F /* CopyFiles */,
			);
			buildRules = (
			);
			dependencies = (
			);
			name = "Day 13";
			productName = "Day 13";
			productReference = B415D7B12203897600ADCE2F /* Day 13 */;
			productType = "com.apple.product-type.tool";
		};
/* End PBXNativeTarget section */

/* Begin PBXProject section */
		B415D7A92203897600ADCE2F /* Project object */ = {
			isa = PBXProject;
			attributes = {
				LastSwiftUpdateCheck = 1010;
				LastUpgradeCheck = 1010;
				ORGANIZATIONNAME = "Peter Bohac";
				TargetAttributes = {
					B415D7B02203897600ADCE2F = {
						CreatedOnToolsVersion = 10.1;
					};
				};
			};
			buildConfigurationList = B415D7AC2203897600ADCE2F /* Build configuration list for PBXProject "Day 13" */;
			compatibilityVersion = "Xcode 9.3";
			developmentRegion = en;
			hasScannedForEncodings = 0;
			knownRegions = (
				en,
			);
			mainGroup = B415D7A82203897600ADCE2F;
			productRefGroup = B415D7B22203897600ADCE2F /* Products */;
			projectDirPath = "";
			projectRoot = "";
			targets = (
				B415D7B02203897600ADCE2F /* Day 13 */,
			);
		};
/* End PBXProject section */

/* Begin PBXSourcesBuildPhase section */
		B415D7AD2203897600ADCE2F /* Sources */ = {
			isa = PBXSourcesBuildPhase;
			buildActionMask = 2147483647;
			files = (
				B415D7B52203897600ADCE2F /* main.swift in Sources */,
			);
			runOnlyForDeploymentPostprocessing = 0;
		};
/* End PBXSourcesBuildPhase section */

/* Begin XCBuildConfiguration section */
		B415D7B62203897600ADCE2F /* Debug */ = {
			isa = XCBuildConfiguration;
			buildSettings = {
				ALWAYS_SEARCH_USER_PATHS = NO;
				CLANG_ANALYZER_NONNULL = YES;
				CLANG_ANALYZER_NUMBER_OBJECT_CONVERSION = YES_AGGRESSIVE;
				CLANG_CXX_LANGUAGE_STANDARD = "gnu++14";
				CLANG_CXX_LIBRARY = "libc++";
				CLANG_ENABLE_MODULES = YES;
				CLANG_ENABLE_OBJC_ARC = YES;
				CLANG_ENABLE_OBJC_WEAK = YES;
				CLANG_WARN_BLOCK_CAPTURE_AUTORELEASING = YES;
				CLANG_WARN_BOOL_CONVERSION = YES;
				CLANG_WARN_COMMA = YES;
				CLANG_WARN_CONSTANT_CONVERSION = YES;
				CLANG_WARN_DEPRECATED_OBJC_IMPLEMENTATIONS = YES;
				CLANG_WARN_DIRECT_OBJC_ISA_USAGE = YES_ERROR;
				CLANG_WARN_DOCUMENTATION_COMMENTS = YES;
				CLANG_WARN_EMPTY_BODY = YES;
				CLANG_WARN_ENUM_CONVERSION = YES;
				CLANG_WARN_INFINITE_RECURSION = YES;
				CLANG_WARN_INT_CONVERSION = YES;
				CLANG_WARN_NON_LITERAL_NULL_CONVERSION = YES;
				CLANG_WARN_OBJC_IMPLICIT_RETAIN_SELF = YES;
				CLANG_WARN_OBJC_LITERAL_CONVERSION = YES;
				CLANG_WARN_OBJC_ROOT_CLASS = YES_ERROR;
				CLANG_WARN_RANGE_LOOP_ANALYSIS = YES;
				CLANG_WARN_STRICT_PROTOTYPES = YES;
				CLANG_WARN_SUSPICIOUS_MOVE = YES;
				CLANG_WARN_UNGUARDED_AVAILABILITY = YES_AGGRESSIVE;
				CLANG_WARN_UNREACHABLE_CODE = YES;
				CLANG_WARN__DUPLICATE_METHOD_MATCH = YES;
				CODE_SIGN_IDENTITY = "Mac Developer";
				COPY_PHASE_STRIP = NO;
				DEBUG_INFORMATION_FORMAT = dwarf;
				ENABLE_STRICT_OBJC_MSGSEND = YES;
				ENABLE_TESTABILITY = YES;
				GCC_C_LANGUAGE_STANDARD = gnu11;
				GCC_DYNAMIC_NO_PIC = NO;
				GCC_NO_COMMON_BLOCKS = YES;
				GCC_OPTIMIZATION_LEVEL = 0;
				GCC_PREPROCESSOR_DEFINITIONS = (
					"DEBUG=1",
					"$(inherited)",
				);
				GCC_WARN_64_TO_32_BIT_CONVERSION = YES;
				GCC_WARN_ABOUT_RETURN_TYPE = YES_ERROR;
				GCC_WARN_UNDECLARED_SELECTOR = YES;
				GCC_WARN_UNINITIALIZED_AUTOS = YES_AGGRESSIVE;
				GCC_WARN_UNUSED_FUNCTION = YES;
				GCC_WARN_UNUSED_VARIABLE = YES;
				MACOSX_DEPLOYMENT_TARGET = 10.13;
				MTL_ENABLE_DEBUG_INFO = INCLUDE_SOURCE;
				MTL_FAST_MATH = YES;
				ONLY_ACTIVE_ARCH = YES;
				SDKROOT = macosx;
				SWIFT_ACTIVE_COMPILATION_CONDITIONS = DEBUG;
				SWIFT_OPTIMIZATION_LEVEL = "-Onone";
			};
			name = Debug;
		};
		B415D7B72203897600ADCE2F /* Release */ = {
			isa = XCBuildConfiguration;
			buildSettings = {
				ALWAYS_SEARCH_USER_PATHS = NO;
				CLANG_ANALYZER_NONNULL = YES;
				CLANG_ANALYZER_NUMBER_OBJECT_CONVERSION = YES_AGGRESSIVE;
				CLANG_CXX_LANGUAGE_STANDARD = "gnu++14";
				CLANG_CXX_LIBRARY = "libc++";
				CLANG_ENABLE_MODULES = YES;
				CLANG_ENABLE_OBJC_ARC = YES;
				CLANG_ENABLE_OBJC_WEAK = YES;
				CLANG_WARN_BLOCK_CAPTURE_AUTORELEASING = YES;
				CLANG_WARN_BOOL_CONVERSION = YES;
				CLANG_WARN_COMMA = YES;
				CLANG_WARN_CONSTANT_CONVERSION = YES;
				CLANG_WARN_DEPRECATED_OBJC_IMPLEMENTATIONS = YES;
				CLANG_WARN_DIRECT_OBJC_ISA_USAGE = YES_ERROR;
				CLANG_WARN_DOCUMENTATION_COMMENTS = YES;
				CLANG_WARN_EMPTY_BODY = YES;
				CLANG_WARN_ENUM_CONVERSION = YES;
				CLANG_WARN_INFINITE_RECURSION = YES;
				CLANG_WARN_INT_CONVERSION = YES;
				CLANG_WARN_NON_LITERAL_NULL_CONVERSION = YES;
				CLANG_WARN_OBJC_IMPLICIT_RETAIN_SELF = YES;
				CLANG_WARN_OBJC_LITERAL_CONVERSION = YES;
				CLANG_WARN_OBJC_ROOT_CLASS = YES_ERROR;
				CLANG_WARN_RANGE_LOOP_ANALYSIS = YES;
				CLANG_WARN_STRICT_PROTOTYPES = YES;
				CLANG_WARN_SUSPICIOUS_MOVE = YES;
				CLANG_WARN_UNGUARDED_AVAILABILITY = YES_AGGRESSIVE;
				CLANG_WARN_UNREACHABLE_CODE = YES;
				CLANG_WARN__DUPLICATE_METHOD_MATCH = YES;
				CODE_SIGN_IDENTITY = "Mac Developer";
				COPY_PHASE_STRIP = NO;
				DEBUG_INFORMATION_FORMAT = "dwarf-with-dsym";
				ENABLE_NS_ASSERTIONS = NO;
				ENABLE_STRICT_OBJC_MSGSEND = YES;
				GCC_C_LANGUAGE_STANDARD = gnu11;
				GCC_NO_COMMON_BLOCKS = YES;
				GCC_WARN_64_TO_32_BIT_CONVERSION = YES;
				GCC_WARN_ABOUT_RETURN_TYPE = YES_ERROR;
				GCC_WARN_UNDECLARED_SELECTOR = YES;
				GCC_WARN_UNINITIALIZED_AUTOS = YES_AGGRESSIVE;
				GCC_WARN_UNUSED_FUNCTION = YES;
				GCC_WARN_UNUSED_VARIABLE = YES;
				MACOSX_DEPLOYMENT_TARGET = 10.13;
				MTL_ENABLE_DEBUG_INFO = NO;
				MTL_FAST_MATH = YES;
				SDKROOT = macosx;
				SWIFT_COMPILATION_MODE = wholemodule;
				SWIFT_OPTIMIZATION_LEVEL = "-O";
			};
			name = Release;
		};
		B415D7B92203897600ADCE2F /* Debug */ = {
			isa = XCBuildConfiguration;
			buildSettings = {
				CODE_SIGN_STYLE = Automatic;
				DEVELOPMENT_TEAM = XB7GA2R58L;
				PRODUCT_NAME = "$(TARGET_NAME)";
				SWIFT_VERSION = 4.2;
			};
			name = Debug;
		};
		B415D7BA2203897600ADCE2F /* Release */ = {
			isa = XCBuildConfiguration;
			buildSettings = {
				CODE_SIGN_STYLE = Automatic;
				DEVELOPMENT_TEAM = XB7GA2R58L;
				PRODUCT_NAME = "$(TARGET_NAME)";
				SWIFT_VERSION = 4.2;
			};
			name = Release;
		};
/* End XCBuildConfiguration section */

/* Begin XCConfigurationList section */
		B415D7AC2203897600ADCE2F /* Build configuration list for PBXProject "Day 13" */ = {
			isa = XCConfigurationList;
			buildConfigurations = (
				B415D7B62203897600ADCE2F /* Debug */,
				B415D7B72203897600ADCE2F /* Release */,
			);
			defaultConfigurationIsVisible = 0;
			defaultConfigurationName = Release;
		};
		B415D7B82203897600ADCE2F /* Build configuration list for PBXNativeTarget "Day 13" */ = {
			isa = XCConfigurationList;
			buildConfigurations = (
				B415D7B92203897600ADCE2F /* Debug */,
				B415D7BA2203897600ADCE2F /* Release */,
			);
			defaultConfigurationIsVisible = 0;
			defaultConfigurationName = Release;
		};
/* End XCConfigurationList section */
	};
	rootObject = B415D7A92203897600ADCE2F /* Project object */;
}
